
Microsoft Visual Studio Solution File, Format Version 12.00
# Visual Studio Version 17
VisualStudioVersion = 17.1.32210.238
MinimumVisualStudioVersion = 10.0.40219.1
Project("{FAE04EC0-301F-11D3-BF4B-00C04F79EFBC}") = "GUI_QuanLyCH", "BTLQuanLyCH\GUI_QuanLyCH.csproj", "{9B8FFA7E-8805-4BA6-98E5-3447A9B104A1}"
EndProject
Project("{FAE04EC0-301F-11D3-BF4B-00C04F79EFBC}") = "DAL_QuanLyCH", "DAL_QuanLyCH\DAL_QuanLyCH.csproj", "{8923C99A-DDAB-42E1-899E-BBAACB8453CA}"
EndProject
Project("{FAE04EC0-301F-11D3-BF4B-00C04F79EFBC}") = "DTO_QuanLyCH", "DTO_QuanLyCH\DTO_QuanLyCH.csproj", "{7D4BAA3F-CDEF-42D9-B157-FB4B4555072F}"
EndProject
Global
	GlobalSection(SolutionConfigurationPlatforms) = preSolution
		Debug|Any CPU = Debug|Any CPU
		Release|Any CPU = Release|Any CPU
	EndGlobalSection
	GlobalSection(ProjectConfigurationPlatforms) = postSolution
		{9B8FFA7E-8805-4BA6-98E5-3447A9B104A1}.Debug|Any CPU.ActiveCfg = Debug|Any CPU
		{9B8FFA7E-8805-4BA6-98E5-3447A9B104A1}.Debug|Any CPU.Build.0 = Debug|Any CPU
		{9B8FFA7E-8805-4BA6-98E5-3447A9B104A1}.Release|Any CPU.ActiveCfg = Release|Any CPU
		{9B8FFA7E-8805-4BA6-98E5-3447A9B104A1}.Release|Any CPU.Build.0 = Release|Any CPU
		{8923C99A-DDAB-42E1-899E-BBAACB8453CA}.Debug|Any CPU.ActiveCfg = Debug|Any CPU
		{8923C99A-DDAB-42E1-899E-BBAACB8453CA}.Debug|Any CPU.Build.0 = Debug|Any CPU
		{8923C99A-DDAB-42E1-899E-BBAACB8453CA}.Release|Any CPU.ActiveCfg = Release|Any CPU
		{8923C99A-DDAB-42E1-899E-BBAACB8453CA}.Release|Any CPU.Build.0 = Release|Any CPU
		{7D4BAA3F-CDEF-42D9-B157-FB4B4555072F}.Debug|Any CPU.ActiveCfg = Debug|Any CPU
		{7D4BAA3F-CDEF-42D9-B157-FB4B4555072F}.Debug|Any CPU.Build.0 = Debug|Any CPU
		{7D4BAA3F-CDEF-42D9-B157-FB4B4555072F}.Release|Any CPU.ActiveCfg = Release|Any CPU
		{7D4BAA3F-CDEF-42D9-B157-FB4B4555072F}.Release|Any CPU.Build.0 = Release|Any CPU
	EndGlobalSection
	GlobalSection(SolutionProperties) = preSolution
		HideSolutionNode = FALSE
	EndGlobalSection
	GlobalSection(ExtensibilityGlobals) = postSolution
		SolutionGuid = {15392DE2-7CE5-482C-B1F6-BDA31284BEF3}
	EndGlobalSection
EndGlobal
